// !$*UTF8*$!
{
	archiveVersion = 1;
	classes = {
	};
	objectVersion = 46;
	objects = {

/* Begin PBXBuildFile section */
		0137607B1D3C6481004F5879 /* AppDelegate.swift in Sources */ = {isa = PBXBuildFile; fileRef = 0137607A1D3C6481004F5879 /* AppDelegate.swift */; };
		0137607D1D3C6481004F5879 /* ViewController.swift in Sources */ = {isa = PBXBuildFile; fileRef = 0137607C1D3C6481004F5879 /* ViewController.swift */; };
		013760801D3C6481004F5879 /* Main.storyboard in Resources */ = {isa = PBXBuildFile; fileRef = 0137607E1D3C6481004F5879 /* Main.storyboard */; };
		013760831D3C6481004F5879 /* RBG_Sliders.xcdatamodeld in Sources */ = {isa = PBXBuildFile; fileRef = 013760811D3C6481004F5879 /* RBG_Sliders.xcdatamodeld */; };
		013760851D3C6481004F5879 /* Assets.xcassets in Resources */ = {isa = PBXBuildFile; fileRef = 013760841D3C6481004F5879 /* Assets.xcassets */; };
		013760881D3C6481004F5879 /* LaunchScreen.storyboard in Resources */ = {isa = PBXBuildFile; fileRef = 013760861D3C6481004F5879 /* LaunchScreen.storyboard */; };
		013760931D3C6481004F5879 /* RBG_SlidersTests.swift in Sources */ = {isa = PBXBuildFile; fileRef = 013760921D3C6481004F5879 /* RBG_SlidersTests.swift */; };
		0137609E1D3C6481004F5879 /* RBG_SlidersUITests.swift in Sources */ = {isa = PBXBuildFile; fileRef = 0137609D1D3C6481004F5879 /* RBG_SlidersUITests.swift */; };
/* End PBXBuildFile section */

/* Begin PBXContainerItemProxy section */
		0137608F1D3C6481004F5879 /* PBXContainerItemProxy */ = {
			isa = PBXContainerItemProxy;
			containerPortal = 0137606F1D3C6481004F5879 /* Project object */;
			proxyType = 1;
			remoteGlobalIDString = 013760761D3C6481004F5879;
			remoteInfo = "RBG Sliders";
		};
		0137609A1D3C6481004F5879 /* PBXContainerItemProxy */ = {
			isa = PBXContainerItemProxy;
			containerPortal = 0137606F1D3C6481004F5879 /* Project object */;
			proxyType = 1;
			remoteGlobalIDString = 013760761D3C6481004F5879;
			remoteInfo = "RBG Sliders";
		};
/* End PBXContainerItemProxy section */

/* Begin PBXFileReference section */
		013760771D3C6481004F5879 /* RBG Sliders.app */ = {isa = PBXFileReference; explicitFileType = wrapper.application; includeInIndex = 0; path = "RBG Sliders.app"; sourceTree = BUILT_PRODUCTS_DIR; };
		0137607A1D3C6481004F5879 /* AppDelegate.swift */ = {isa = PBXFileReference; lastKnownFileType = sourcecode.swift; path = AppDelegate.swift; sourceTree = "<group>"; };
		0137607C1D3C6481004F5879 /* ViewController.swift */ = {isa = PBXFileReference; lastKnownFileType = sourcecode.swift; path = ViewController.swift; sourceTree = "<group>"; };
		0137607F1D3C6481004F5879 /* Base */ = {isa = PBXFileReference; lastKnownFileType = file.storyboard; name = Base; path = Base.lproj/Main.storyboard; sourceTree = "<group>"; };
		013760821D3C6481004F5879 /* RBG_Sliders.xcdatamodel */ = {isa = PBXFileReference; lastKnownFileType = wrapper.xcdatamodel; path = RBG_Sliders.xcdatamodel; sourceTree = "<group>"; };
		013760841D3C6481004F5879 /* Assets.xcassets */ = {isa = PBXFileReference; lastKnownFileType = folder.assetcatalog; path = Assets.xcassets; sourceTree = "<group>"; };
		013760871D3C6481004F5879 /* Base */ = {isa = PBXFileReference; lastKnownFileType = file.storyboard; name = Base; path = Base.lproj/LaunchScreen.storyboard; sourceTree = "<group>"; };
		013760891D3C6481004F5879 /* Info.plist */ = {isa = PBXFileReference; lastKnownFileType = text.plist.xml; path = Info.plist; sourceTree = "<group>"; };
		0137608E1D3C6481004F5879 /* RBG SlidersTests.xctest */ = {isa = PBXFileReference; explicitFileType = wrapper.cfbundle; includeInIndex = 0; path = "RBG SlidersTests.xctest"; sourceTree = BUILT_PRODUCTS_DIR; };
		013760921D3C6481004F5879 /* RBG_SlidersTests.swift */ = {isa = PBXFileReference; lastKnownFileType = sourcecode.swift; path = RBG_SlidersTests.swift; sourceTree = "<group>"; };
		013760941D3C6481004F5879 /* Info.plist */ = {isa = PBXFileReference; lastKnownFileType = text.plist.xml; path = Info.plist; sourceTree = "<group>"; };
		013760991D3C6481004F5879 /* RBG SlidersUITests.xctest */ = {isa = PBXFileReference; explicitFileType = wrapper.cfbundle; includeInIndex = 0; path = "RBG SlidersUITests.xctest"; sourceTree = BUILT_PRODUCTS_DIR; };
		0137609D1D3C6481004F5879 /* RBG_SlidersUITests.swift */ = {isa = PBXFileReference; lastKnownFileType = sourcecode.swift; path = RBG_SlidersUITests.swift; sourceTree = "<group>"; };
		0137609F1D3C6481004F5879 /* Info.plist */ = {isa = PBXFileReference; lastKnownFileType = text.plist.xml; path = Info.plist; sourceTree = "<group>"; };
/* End PBXFileReference section */

/* Begin PBXFrameworksBuildPhase section */
		013760741D3C6481004F5879 /* Frameworks */ = {
			isa = PBXFrameworksBuildPhase;
			buildActionMask = 2147483647;
			files = (
			);
			runOnlyForDeploymentPostprocessing = 0;
		};
		0137608B1D3C6481004F5879 /* Frameworks */ = {
			isa = PBXFrameworksBuildPhase;
			buildActionMask = 2147483647;
			files = (
			);
			runOnlyForDeploymentPostprocessing = 0;
		};
		013760961D3C6481004F5879 /* Frameworks */ = {
			isa = PBXFrameworksBuildPhase;
			buildActionMask = 2147483647;
			files = (
			);
			runOnlyForDeploymentPostprocessing = 0;
		};
/* End PBXFrameworksBuildPhase section */

/* Begin PBXGroup section */
		0137606E1D3C6480004F5879 = {
			isa = PBXGroup;
			children = (
				013760791D3C6481004F5879 /* RBG Sliders */,
				013760911D3C6481004F5879 /* RBG SlidersTests */,
				0137609C1D3C6481004F5879 /* RBG SlidersUITests */,
				013760781D3C6481004F5879 /* Products */,
			);
			sourceTree = "<group>";
		};
		013760781D3C6481004F5879 /* Products */ = {
			isa = PBXGroup;
			children = (
				013760771D3C6481004F5879 /* RBG Sliders.app */,
				0137608E1D3C6481004F5879 /* RBG SlidersTests.xctest */,
				013760991D3C6481004F5879 /* RBG SlidersUITests.xctest */,
			);
			name = Products;
			sourceTree = "<group>";
		};
		013760791D3C6481004F5879 /* RBG Sliders */ = {
			isa = PBXGroup;
			children = (
				0137607A1D3C6481004F5879 /* AppDelegate.swift */,
				0137607C1D3C6481004F5879 /* ViewController.swift */,
				0137607E1D3C6481004F5879 /* Main.storyboard */,
				013760841D3C6481004F5879 /* Assets.xcassets */,
				013760861D3C6481004F5879 /* LaunchScreen.storyboard */,
				013760891D3C6481004F5879 /* Info.plist */,
				013760811D3C6481004F5879 /* RBG_Sliders.xcdatamodeld */,
			);
			path = "RBG Sliders";
			sourceTree = "<group>";
		};
		013760911D3C6481004F5879 /* RBG SlidersTests */ = {
			isa = PBXGroup;
			children = (
				013760921D3C6481004F5879 /* RBG_SlidersTests.swift */,
				013760941D3C6481004F5879 /* Info.plist */,
			);
			path = "RBG SlidersTests";
			sourceTree = "<group>";
		};
		0137609C1D3C6481004F5879 /* RBG SlidersUITests */ = {
			isa = PBXGroup;
			children = (
				0137609D1D3C6481004F5879 /* RBG_SlidersUITests.swift */,
				0137609F1D3C6481004F5879 /* Info.plist */,
			);
			path = "RBG SlidersUITests";
			sourceTree = "<group>";
		};
/* End PBXGroup section */

/* Begin PBXNativeTarget section */
		013760761D3C6481004F5879 /* RBG Sliders */ = {
			isa = PBXNativeTarget;
			buildConfigurationList = 013760A21D3C6481004F5879 /* Build configuration list for PBXNativeTarget "RBG Sliders" */;
			buildPhases = (
				013760731D3C6481004F5879 /* Sources */,
				013760741D3C6481004F5879 /* Frameworks */,
				013760751D3C6481004F5879 /* Resources */,
			);
			buildRules = (
			);
			dependencies = (
			);
			name = "RBG Sliders";
			productName = "RBG Sliders";
			productReference = 013760771D3C6481004F5879 /* RBG Sliders.app */;
			productType = "com.apple.product-type.application";
		};
		0137608D1D3C6481004F5879 /* RBG SlidersTests */ = {
			isa = PBXNativeTarget;
			buildConfigurationList = 013760A51D3C6481004F5879 /* Build configuration list for PBXNativeTarget "RBG SlidersTests" */;
			buildPhases = (
				0137608A1D3C6481004F5879 /* Sources */,
				0137608B1D3C6481004F5879 /* Frameworks */,
				0137608C1D3C6481004F5879 /* Resources */,
			);
			buildRules = (
			);
			dependencies = (
				013760901D3C6481004F5879 /* PBXTargetDependency */,
			);
			name = "RBG SlidersTests";
			productName = "RBG SlidersTests";
			productReference = 0137608E1D3C6481004F5879 /* RBG SlidersTests.xctest */;
			productType = "com.apple.product-type.bundle.unit-test";
		};
		013760981D3C6481004F5879 /* RBG SlidersUITests */ = {
			isa = PBXNativeTarget;
			buildConfigurationList = 013760A81D3C6481004F5879 /* Build configuration list for PBXNativeTarget "RBG SlidersUITests" */;
			buildPhases = (
				013760951D3C6481004F5879 /* Sources */,
				013760961D3C6481004F5879 /* Frameworks */,
				013760971D3C6481004F5879 /* Resources */,
			);
			buildRules = (
			);
			dependencies = (
				0137609B1D3C6481004F5879 /* PBXTargetDependency */,
			);
			name = "RBG SlidersUITests";
			productName = "RBG SlidersUITests";
			productReference = 013760991D3C6481004F5879 /* RBG SlidersUITests.xctest */;
			productType = "com.apple.product-type.bundle.ui-testing";
		};
/* End PBXNativeTarget section */

/* Begin PBXProject section */
		0137606F1D3C6481004F5879 /* Project object */ = {
			isa = PBXProject;
			attributes = {
				LastSwiftUpdateCheck = 0730;
				LastUpgradeCheck = 0730;
				ORGANIZATIONNAME = "Laura Ware";
				TargetAttributes = {
					013760761D3C6481004F5879 = {
						CreatedOnToolsVersion = 7.3.1;
					};
					0137608D1D3C6481004F5879 = {
						CreatedOnToolsVersion = 7.3.1;
						TestTargetID = 013760761D3C6481004F5879;
					};
					013760981D3C6481004F5879 = {
						CreatedOnToolsVersion = 7.3.1;
						TestTargetID = 013760761D3C6481004F5879;
					};
				};
			};
			buildConfigurationList = 013760721D3C6481004F5879 /* Build configuration list for PBXProject "RBG Sliders" */;
			compatibilityVersion = "Xcode 3.2";
			developmentRegion = English;
			hasScannedForEncodings = 0;
			knownRegions = (
				en,
				Base,
			);
			mainGroup = 0137606E1D3C6480004F5879;
			productRefGroup = 013760781D3C6481004F5879 /* Products */;
			projectDirPath = "";
			projectRoot = "";
			targets = (
				013760761D3C6481004F5879 /* RBG Sliders */,
				0137608D1D3C6481004F5879 /* RBG SlidersTests */,
				013760981D3C6481004F5879 /* RBG SlidersUITests */,
			);
		};
/* End PBXProject section */

/* Begin PBXResourcesBuildPhase section */
		013760751D3C6481004F5879 /* Resources */ = {
			isa = PBXResourcesBuildPhase;
			buildActionMask = 2147483647;
			files = (
				013760881D3C6481004F5879 /* LaunchScreen.storyboard in Resources */,
				013760851D3C6481004F5879 /* Assets.xcassets in Resources */,
				013760801D3C6481004F5879 /* Main.storyboard in Resources */,
			);
			runOnlyForDeploymentPostprocessing = 0;
		};
		0137608C1D3C6481004F5879 /* Resources */ = {
			isa = PBXResourcesBuildPhase;
			buildActionMask = 2147483647;
			files = (
			);
			runOnlyForDeploymentPostprocessing = 0;
		};
		013760971D3C6481004F5879 /* Resources */ = {
			isa = PBXResourcesBuildPhase;
			buildActionMask = 2147483647;
			files = (
			);
			runOnlyForDeploymentPostprocessing = 0;
		};
/* End PBXResourcesBuildPhase section */

/* Begin PBXSourcesBuildPhase section */
		013760731D3C6481004F5879 /* Sources */ = {
			isa = PBXSourcesBuildPhase;
			buildActionMask = 2147483647;
			files = (
				0137607D1D3C6481004F5879 /* ViewController.swift in Sources */,
				0137607B1D3C6481004F5879 /* AppDelegate.swift in Sources */,
				013760831D3C6481004F5879 /* RBG_Sliders.xcdatamodeld in Sources */,
			);
			runOnlyForDeploymentPostprocessing = 0;
		};
		0137608A1D3C6481004F5879 /* Sources */ = {
			isa = PBXSourcesBuildPhase;
			buildActionMask = 2147483647;
			files = (
				013760931D3C6481004F5879 /* RBG_SlidersTests.swift in Sources */,
			);
			runOnlyForDeploymentPostprocessing = 0;
		};
		013760951D3C6481004F5879 /* Sources */ = {
			isa = PBXSourcesBuildPhase;
			buildActionMask = 2147483647;
			files = (
				0137609E1D3C6481004F5879 /* RBG_SlidersUITests.swift in Sources */,
			);
			runOnlyForDeploymentPostprocessing = 0;
		};
/* End PBXSourcesBuildPhase section */

/* Begin PBXTargetDependency section */
		013760901D3C6481004F5879 /* PBXTargetDependency */ = {
			isa = PBXTargetDependency;
			target = 013760761D3C6481004F5879 /* RBG Sliders */;
			targetProxy = 0137608F1D3C6481004F5879 /* PBXContainerItemProxy */;
		};
		0137609B1D3C6481004F5879 /* PBXTargetDependency */ = {
			isa = PBXTargetDependency;
			target = 013760761D3C6481004F5879 /* RBG Sliders */;
			targetProxy = 0137609A1D3C6481004F5879 /* PBXContainerItemProxy */;
		};
/* End PBXTargetDependency section */

/* Begin PBXVariantGroup section */
		0137607E1D3C6481004F5879 /* Main.storyboard */ = {
			isa = PBXVariantGroup;
			children = (
				0137607F1D3C6481004F5879 /* Base */,
			);
			name = Main.storyboard;
			sourceTree = "<group>";
		};
		013760861D3C6481004F5879 /* LaunchScreen.storyboard */ = {
			isa = PBXVariantGroup;
			children = (
				013760871D3C6481004F5879 /* Base */,
			);
			name = LaunchScreen.storyboard;
			sourceTree = "<group>";
		};
/* End PBXVariantGroup section */

/* Begin XCBuildConfiguration section */
		013760A01D3C6481004F5879 /* Debug */ = {
			isa = XCBuildConfiguration;
			buildSettings = {
				ALWAYS_SEARCH_USER_PATHS = NO;
				CLANG_ANALYZER_NONNULL = YES;
				CLANG_CXX_LANGUAGE_STANDARD = "gnu++0x";
				CLANG_CXX_LIBRARY = "libc++";
				CLANG_ENABLE_MODULES = YES;
				CLANG_ENABLE_OBJC_ARC = YES;
				CLANG_WARN_BOOL_CONVERSION = YES;
				CLANG_WARN_CONSTANT_CONVERSION = YES;
				CLANG_WARN_DIRECT_OBJC_ISA_USAGE = YES_ERROR;
				CLANG_WARN_EMPTY_BODY = YES;
				CLANG_WARN_ENUM_CONVERSION = YES;
				CLANG_WARN_INT_CONVERSION = YES;
				CLANG_WARN_OBJC_ROOT_CLASS = YES_ERROR;
				CLANG_WARN_UNREACHABLE_CODE = YES;
				CLANG_WARN__DUPLICATE_METHOD_MATCH = YES;
				"CODE_SIGN_IDENTITY[sdk=iphoneos*]" = "iPhone Developer";
				COPY_PHASE_STRIP = NO;
				DEBUG_INFORMATION_FORMAT = dwarf;
				ENABLE_STRICT_OBJC_MSGSEND = YES;
				ENABLE_TESTABILITY = YES;
				GCC_C_LANGUAGE_STANDARD = gnu99;
				GCC_DYNAMIC_NO_PIC = NO;
				GCC_NO_COMMON_BLOCKS = YES;
				GCC_OPTIMIZATION_LEVEL = 0;
				GCC_PREPROCESSOR_DEFINITIONS = (
					"DEBUG=1",
					"$(inherited)",
				);
				GCC_WARN_64_TO_32_BIT_CONVERSION = YES;
				GCC_WARN_ABOUT_RETURN_TYPE = YES_ERROR;
				GCC_WARN_UNDECLARED_SELECTOR = YES;
				GCC_WARN_UNINITIALIZED_AUTOS = YES_AGGRESSIVE;
				GCC_WARN_UNUSED_FUNCTION = YES;
				GCC_WARN_UNUSED_VARIABLE = YES;
				IPHONEOS_DEPLOYMENT_TARGET = 9.3;
				MTL_ENABLE_DEBUG_INFO = YES;
				ONLY_ACTIVE_ARCH = YES;
				SDKROOT = iphoneos;
				SWIFT_OPTIMIZATION_LEVEL = "-Onone";
			};
			name = Debug;
		};
		013760A11D3C6481004F5879 /* Release */ = {
			isa = XCBuildConfiguration;
			buildSettings = {
				ALWAYS_SEARCH_USER_PATHS = NO;
				CLANG_ANALYZER_NONNULL = YES;
				CLANG_CXX_LANGUAGE_STANDARD = "gnu++0x";
				CLANG_CXX_LIBRARY = "libc++";
				CLANG_ENABLE_MODULES = YES;
				CLANG_ENABLE_OBJC_ARC = YES;
				CLANG_WARN_BOOL_CONVERSION = YES;
				CLANG_WARN_CONSTANT_CONVERSION = YES;
				CLANG_WARN_DIRECT_OBJC_ISA_USAGE = YES_ERROR;
				CLANG_WARN_EMPTY_BODY = YES;
				CLANG_WARN_ENUM_CONVERSION = YES;
				CLANG_WARN_INT_CONVERSION = YES;
				CLANG_WARN_OBJC_ROOT_CLASS = YES_ERROR;
				CLANG_WARN_UNREACHABLE_CODE = YES;
				CLANG_WARN__DUPLICATE_METHOD_MATCH = YES;
				"CODE_SIGN_IDENTITY[sdk=iphoneos*]" = "iPhone Developer";
				COPY_PHASE_STRIP = NO;
				DEBUG_INFORMATION_FORMAT = "dwarf-with-dsym";
				ENABLE_NS_ASSERTIONS = NO;
				ENABLE_STRICT_OBJC_MSGSEND = YES;
				GCC_C_LANGUAGE_STANDARD = gnu99;
				GCC_NO_COMMON_BLOCKS = YES;
				GCC_WARN_64_TO_32_BIT_CONVERSION = YES;
				GCC_WARN_ABOUT_RETURN_TYPE = YES_ERROR;
				GCC_WARN_UNDECLARED_SELECTOR = YES;
				GCC_WARN_UNINITIALIZED_AUTOS = YES_AGGRESSIVE;
				GCC_WARN_UNUSED_FUNCTION = YES;
				GCC_WARN_UNUSED_VARIABLE = YES;
				IPHONEOS_DEPLOYMENT_TARGET = 9.3;
				MTL_ENABLE_DEBUG_INFO = NO;
				SDKROOT = iphoneos;
				VALIDATE_PRODUCT = YES;
			};
			name = Release;
		};
		013760A31D3C6481004F5879 /* Debug */ = {
			isa = XCBuildConfiguration;
			buildSettings = {
				ASSETCATALOG_COMPILER_APPICON_NAME = AppIcon;
				INFOPLIST_FILE = "RBG Sliders/Info.plist";
				LD_RUNPATH_SEARCH_PATHS = "$(inherited) @executable_path/Frameworks";
				PRODUCT_BUNDLE_IDENTIFIER = "com.lauramware.RBG-Sliders";
				PRODUCT_NAME = "$(TARGET_NAME)";
			};
			name = Debug;
		};
		013760A41D3C6481004F5879 /* Release */ = {
			isa = XCBuildConfiguration;
			buildSettings = {
				ASSETCATALOG_COMPILER_APPICON_NAME = AppIcon;
				INFOPLIST_FILE = "RBG Sliders/Info.plist";
				LD_RUNPATH_SEARCH_PATHS = "$(inherited) @executable_path/Frameworks";
				PRODUCT_BUNDLE_IDENTIFIER = "com.lauramware.RBG-Sliders";
				PRODUCT_NAME = "$(TARGET_NAME)";
			};
			name = Release;
		};
		013760A61D3C6481004F5879 /* Debug */ = {
			isa = XCBuildConfiguration;
			buildSettings = {
				BUNDLE_LOADER = "$(TEST_HOST)";
				INFOPLIST_FILE = "RBG SlidersTests/Info.plist";
				LD_RUNPATH_SEARCH_PATHS = "$(inherited) @executable_path/Frameworks @loader_path/Frameworks";
				PRODUCT_BUNDLE_IDENTIFIER = "com.lauramware.RBG-SlidersTests";
				PRODUCT_NAME = "$(TARGET_NAME)";
				TEST_HOST = "$(BUILT_PRODUCTS_DIR)/RBG Sliders.app/RBG Sliders";
			};
			name = Debug;
		};
		013760A71D3C6481004F5879 /* Release */ = {
			isa = XCBuildConfiguration;
			buildSettings = {
				BUNDLE_LOADER = "$(TEST_HOST)";
				INFOPLIST_FILE = "RBG SlidersTests/Info.plist";
				LD_RUNPATH_SEARCH_PATHS = "$(inherited) @executable_path/Frameworks @loader_path/Frameworks";
				PRODUCT_BUNDLE_IDENTIFIER = "com.lauramware.RBG-SlidersTests";
				PRODUCT_NAME = "$(TARGET_NAME)";
				TEST_HOST = "$(BUILT_PRODUCTS_DIR)/RBG Sliders.app/RBG Sliders";
			};
			name = Release;
		};
		013760A91D3C6481004F5879 /* Debug */ = {
			isa = XCBuildConfiguration;
			buildSettings = {
				INFOPLIST_FILE = "RBG SlidersUITests/Info.plist";
				LD_RUNPATH_SEARCH_PATHS = "$(inherited) @executable_path/Frameworks @loader_path/Frameworks";
				PRODUCT_BUNDLE_IDENTIFIER = "com.lauramware.RBG-SlidersUITests";
				PRODUCT_NAME = "$(TARGET_NAME)";
				TEST_TARGET_NAME = "RBG Sliders";
			};
			name = Debug;
		};
		013760AA1D3C6481004F5879 /* Release */ = {
			isa = XCBuildConfiguration;
			buildSettings = {
				INFOPLIST_FILE = "RBG SlidersUITests/Info.plist";
				LD_RUNPATH_SEARCH_PATHS = "$(inherited) @executable_path/Frameworks @loader_path/Frameworks";
				PRODUCT_BUNDLE_IDENTIFIER = "com.lauramware.RBG-SlidersUITests";
				PRODUCT_NAME = "$(TARGET_NAME)";
				TEST_TARGET_NAME = "RBG Sliders";
			};
			name = Release;
		};
/* End XCBuildConfiguration section */

/* Begin XCConfigurationList section */
		013760721D3C6481004F5879 /* Build configuration list for PBXProject "RBG Sliders" */ = {
			isa = XCConfigurationList;
			buildConfigurations = (
				013760A01D3C6481004F5879 /* Debug */,
				013760A11D3C6481004F5879 /* Release */,
			);
			defaultConfigurationIsVisible = 0;
			defaultConfigurationName = Release;
		};
		013760A21D3C6481004F5879 /* Build configuration list for PBXNativeTarget "RBG Sliders" */ = {
			isa = XCConfigurationList;
			buildConfigurations = (
				013760A31D3C6481004F5879 /* Debug */,
				013760A41D3C6481004F5879 /* Release */,
			);
			defaultConfigurationIsVisible = 0;
		};
		013760A51D3C6481004F5879 /* Build configuration list for PBXNativeTarget "RBG SlidersTests" */ = {
			isa = XCConfigurationList;
			buildConfigurations = (
				013760A61D3C6481004F5879 /* Debug */,
				013760A71D3C6481004F5879 /* Release */,
			);
			defaultConfigurationIsVisible = 0;
		};
		013760A81D3C6481004F5879 /* Build configuration list for PBXNativeTarget "RBG SlidersUITests" */ = {
			isa = XCConfigurationList;
			buildConfigurations = (
				013760A91D3C6481004F5879 /* Debug */,
				013760AA1D3C6481004F5879 /* Release */,
			);
			defaultConfigurationIsVisible = 0;
		};
/* End XCConfigurationList section */

/* Begin XCVersionGroup section */
		013760811D3C6481004F5879 /* RBG_Sliders.xcdatamodeld */ = {
			isa = XCVersionGroup;
			children = (
				013760821D3C6481004F5879 /* RBG_Sliders.xcdatamodel */,
			);
			currentVersion = 013760821D3C6481004F5879 /* RBG_Sliders.xcdatamodel */;
			path = RBG_Sliders.xcdatamodeld;
			sourceTree = "<group>";
			versionGroupType = wrapper.xcdatamodel;
		};
/* End XCVersionGroup section */
	};
	rootObject = 0137606F1D3C6481004F5879 /* Project object */;
}
